
Microsoft Visual Studio Solution File, Format Version 12.00
# Visual Studio 15
Project("{FAE04EC0-301F-11D3-BF4B-00C04F79EFBC}") = "Assembly-CSharp", "Assembly-CSharp.csproj", "{E9CABD64-939A-95C1-D8F0-BAA7D4075936}"
EndProject
Project("{FAE04EC0-301F-11D3-BF4B-00C04F79EFBC}") = "Assembly-CSharp-firstpass", "Assembly-CSharp-firstpass.csproj", "{8B208B42-692B-5CC2-29EB-F877AA2B865F}"
EndProject
Project("{FAE04EC0-301F-11D3-BF4B-00C04F79EFBC}") = "Assembly-CSharp-Editor-firstpass", "Assembly-CSharp-Editor-firstpass.csproj", "{E86A6525-E822-C30A-DA51-C51D18EA8005}"
EndProject
Global
	GlobalSection(SolutionConfigurationPlatforms) = preSolution
		Debug|Any CPU = Debug|Any CPU
		Release|Any CPU = Release|Any CPU
	EndGlobalSection
	GlobalSection(ProjectConfigurationPlatforms) = postSolution
		{E9CABD64-939A-95C1-D8F0-BAA7D4075936}.Debug|Any CPU.ActiveCfg = Debug|Any CPU
		{E9CABD64-939A-95C1-D8F0-BAA7D4075936}.Debug|Any CPU.Build.0 = Debug|Any CPU
		{E9CABD64-939A-95C1-D8F0-BAA7D4075936}.Release|Any CPU.ActiveCfg = Release|Any CPU
		{E9CABD64-939A-95C1-D8F0-BAA7D4075936}.Release|Any CPU.Build.0 = Release|Any CPU
		{8B208B42-692B-5CC2-29EB-F877AA2B865F}.Debug|Any CPU.ActiveCfg = Debug|Any CPU
		{8B208B42-692B-5CC2-29EB-F877AA2B865F}.Debug|Any CPU.Build.0 = Debug|Any CPU
		{8B208B42-692B-5CC2-29EB-F877AA2B865F}.Release|Any CPU.ActiveCfg = Release|Any CPU
		{8B208B42-692B-5CC2-29EB-F877AA2B865F}.Release|Any CPU.Build.0 = Release|Any CPU
		{E86A6525-E822-C30A-DA51-C51D18EA8005}.Debug|Any CPU.ActiveCfg = Debug|Any CPU
		{E86A6525-E822-C30A-DA51-C51D18EA8005}.Debug|Any CPU.Build.0 = Debug|Any CPU
		{E86A6525-E822-C30A-DA51-C51D18EA8005}.Release|Any CPU.ActiveCfg = Release|Any CPU
		{E86A6525-E822-C30A-DA51-C51D18EA8005}.Release|Any CPU.Build.0 = Release|Any CPU
	EndGlobalSection
	GlobalSection(SolutionProperties) = preSolution
		HideSolutionNode = FALSE
	EndGlobalSection
EndGlobal
